lockfileVersion: '6.0'

settings:
  autoInstallPeers: true
  excludeLinksFromLockfile: false

dependencies:
  eventemitter3:
    specifier: ^5.0.1
    version: 5.0.1
  pixi.js:
    specifier: 8.0.0-beta.1
    version: 8.0.0-beta.1
  rambda:
    specifier: ^8.4.0
    version: 8.4.0
  romgrk-2d-geometry:
    specifier: ^0.1.0
    version: link:../../../../../2d-geometry
  roughjs:
    specifier: ^4.6.3
    version: 4.6.3

packages:

  /@pixi/colord@2.9.6:
    resolution: {integrity: sha512-nezytU2pw587fQstUu1AsJZDVEynjskwOL+kibwcdxsMBFqPsFFNA7xl0ii/gXuDi6M0xj3mfRJj8pBSc2jCfA==}
    dev: false

  /@types/css-font-loading-module@0.0.8:
    resolution: {integrity: sha512-PdJeLlCJj/ShOA+c0dXdZ/e1P0Cdjhip+dRBtPaigOqwKd0DiFx3NeO6T2E7AQ5JszSR3dub3YkQjc2hcQyxSw==}
    dev: false

  /@types/earcut@2.1.2:
    resolution: {integrity: sha512-EU6fwVNP1TGVTkCILfURtzzwJq/ie5LgipELnzCINgm4VdDIkkbB8wnLSe81J77Bbqf4MiO3sJGhWzc6MCp5dQ==}
    dev: false

  /@webgpu/types@0.1.34:
    resolution: {integrity: sha512-9mXtH+CC8q+Ku7Z+1XazNIte81FvfdXwR2lLRO7Ykzjd/hh1J1krJa0gtnkF1kvP11psUmKEPKo7iMTeEcUpNA==}
    dev: false

  /earcut@2.2.4:
    resolution: {integrity: sha512-/pjZsA1b4RPHbeWZQn66SWS8nZZWLQQ23oE3Eam7aroEFGEvwKAsJfZ9ytiEMycfzXWpca4FA9QIOehf7PocBQ==}
    dev: false

  /eventemitter3@5.0.1:
    resolution: {integrity: sha512-GWkBvjiSZK87ELrYOSESUYeVIc9mvLLf/nXalMOS5dYrgZq9o5OVkbZAVM06CVxYsCwH9BDZFPlQTlPA1j4ahA==}
    dev: false

  /hachure-fill@0.4.0:
    resolution: {integrity: sha512-adAAzV4vgE5BBkeimtSPMkTARn6XFoV8vhel4C4S/B+cC7XNZGXyU3Fb2zNBz0PgYHkLLWWSL0CRSSnC+Xcw5g==}
    dev: false

  /ismobilejs@1.1.1:
    resolution: {integrity: sha512-VaFW53yt8QO61k2WJui0dHf4SlL8lxBofUuUmwBo0ljPk0Drz2TiuDW4jo3wDcv41qy/SxrJ+VAzJ/qYqsmzRw==}
    dev: false

  /path-data-parser@0.1.0:
    resolution: {integrity: sha512-NOnmBpt5Y2RWbuv0LMzsayp3lVylAHLPUTut412ZA3l+C4uw4ZVkQbjShYCQ8TCpUMdPapr4YjUqLYD6v68j+w==}
    dev: false

  /pixi.js@8.0.0-beta.1:
    resolution: {integrity: sha512-BCiHyF6+zWGOoBDotm6gtaVMTDGXM9blpIiO9WBanfcunHNioxgONFuLv2zrrp9I9n/agAifuTUOw/EHctuxRA==}
    engines: {node: '>=18', npm: '>=8', yarn: please-use-npm}
    dependencies:
      '@pixi/colord': 2.9.6
      '@types/css-font-loading-module': 0.0.8
      '@types/earcut': 2.1.2
      '@webgpu/types': 0.1.34
      earcut: 2.2.4
      eventemitter3: 5.0.1
      ismobilejs: 1.1.1
    dev: false

  /points-on-curve@0.2.0:
    resolution: {integrity: sha512-0mYKnYYe9ZcqMCWhUjItv/oHjvgEsfKvnUTg8sAtnHr3GVy7rGkXCb6d5cSyqrWqL4k81b9CPg3urd+T7aop3A==}
    dev: false

  /points-on-path@0.2.1:
    resolution: {integrity: sha512-25ClnWWuw7JbWZcgqY/gJ4FQWadKxGWk+3kR/7kD0tCaDtPPMj7oHu2ToLaVhfpnHrZzYby2w6tUA0eOIuUg8g==}
    dependencies:
      path-data-parser: 0.1.0
      points-on-curve: 0.2.0
    dev: false

  /rambda@8.4.0:
    resolution: {integrity: sha512-HSbOiyvCQgHKPcKO8Sknjj341vVUmetRwOh+4h0t/DVmAfQS3v3HMtWHtu3l2Awdxu9B4iJP2uAJTwp7eLB7zw==}
    dev: false

  /roughjs@4.6.3:
    resolution: {integrity: sha512-gKMI0rHr09711GCDPhm6Qvra40lG7frUG7h1LzYC5i1voCo43oSRtB+dR+n/52Tsn8WjsJC/P7S4BmK3M8SbjA==}
    dependencies:
      hachure-fill: 0.4.0
      path-data-parser: 0.1.0
      points-on-curve: 0.2.0
      points-on-path: 0.2.1
    dev: false
